
Microsoft Visual Studio Solution File, Format Version 12.00
# Visual Studio 15
VisualStudioVersion = 15.0.28010.2048
MinimumVisualStudioVersion = 10.0.40219.1
Project("{FAE04EC0-301F-11D3-BF4B-00C04F79EFBC}") = "ConsoleApp1", "ConsoleApp1\ConsoleApp1.csproj", "{5CF098FF-F94E-4D9F-B78F-0F0D5B6B7239}"
EndProject
Global
	GlobalSection(SolutionConfigurationPlatforms) = preSolution
		Debug|Any CPU = Debug|Any CPU
		Release|Any CPU = Release|Any CPU
	EndGlobalSection
	GlobalSection(ProjectConfigurationPlatforms) = postSolution
		{5CF098FF-F94E-4D9F-B78F-0F0D5B6B7239}.Debug|Any CPU.ActiveCfg = Debug|Any CPU
		{5CF098FF-F94E-4D9F-B78F-0F0D5B6B7239}.Debug|Any CPU.Build.0 = Debug|Any CPU
		{5CF098FF-F94E-4D9F-B78F-0F0D5B6B7239}.Release|Any CPU.ActiveCfg = Release|Any CPU
		{5CF098FF-F94E-4D9F-B78F-0F0D5B6B7239}.Release|Any CPU.Build.0 = Release|Any CPU
	EndGlobalSection
	GlobalSection(SolutionProperties) = preSolution
		HideSolutionNode = FALSE
	EndGlobalSection
	GlobalSection(ExtensibilityGlobals) = postSolution
		SolutionGuid = {2B78E2FD-D109-422A-9930-6AD3B1343914}
	EndGlobalSection
EndGlobal
